
Microsoft Visual Studio Solution File, Format Version 12.00
# Visual Studio Version 16
VisualStudioVersion = 16.0.30611.23
MinimumVisualStudioVersion = 10.0.40219.1
Project("{FAE04EC0-301F-11D3-BF4B-00C04F79EFBC}") = "LinqToDataTableDemo", "LinqToDataTableDemo.csproj", "{CBED100C-9F80-42AB-8C15-8E80181B932E}"
EndProject
Global
	GlobalSection(SolutionConfigurationPlatforms) = preSolution
		Debug|Any CPU = Debug|Any CPU
		Release|Any CPU = Release|Any CPU
	EndGlobalSection
	GlobalSection(ProjectConfigurationPlatforms) = postSolution
		{CBED100C-9F80-42AB-8C15-8E80181B932E}.Debug|Any CPU.ActiveCfg = Debug|Any CPU
		{CBED100C-9F80-42AB-8C15-8E80181B932E}.Debug|Any CPU.Build.0 = Debug|Any CPU
		{CBED100C-9F80-42AB-8C15-8E80181B932E}.Release|Any CPU.ActiveCfg = Release|Any CPU
		{CBED100C-9F80-42AB-8C15-8E80181B932E}.Release|Any CPU.Build.0 = Release|Any CPU
	EndGlobalSection
	GlobalSection(SolutionProperties) = preSolution
		HideSolutionNode = FALSE
	EndGlobalSection
	GlobalSection(ExtensibilityGlobals) = postSolution
		SolutionGuid = {020C5DB3-76E6-448C-BBBE-806BD9CCAABE}
	EndGlobalSection
EndGlobal
